
Microsoft Visual Studio Solution File, Format Version 12.00
# Visual Studio Version 17
VisualStudioVersion = 17.13.35931.197 d17.13
MinimumVisualStudioVersion = 10.0.40219.1
Project("{FAE04EC0-301F-11D3-BF4B-00C04F79EFBC}") = "financeTrackerBackned", "financeTrackerBackned\financeTrackerBackned.csproj", "{8692C0C0-9AAF-4170-A584-20F7FDFF4010}"
EndProject
Global
	GlobalSection(SolutionConfigurationPlatforms) = preSolution
		Debug|Any CPU = Debug|Any CPU
		Release|Any CPU = Release|Any CPU
	EndGlobalSection
	GlobalSection(ProjectConfigurationPlatforms) = postSolution
		{8692C0C0-9AAF-4170-A584-20F7FDFF4010}.Debug|Any CPU.ActiveCfg = Debug|Any CPU
		{8692C0C0-9AAF-4170-A584-20F7FDFF4010}.Debug|Any CPU.Build.0 = Debug|Any CPU
		{8692C0C0-9AAF-4170-A584-20F7FDFF4010}.Release|Any CPU.ActiveCfg = Release|Any CPU
		{8692C0C0-9AAF-4170-A584-20F7FDFF4010}.Release|Any CPU.Build.0 = Release|Any CPU
	EndGlobalSection
	GlobalSection(SolutionProperties) = preSolution
		HideSolutionNode = FALSE
	EndGlobalSection
	GlobalSection(ExtensibilityGlobals) = postSolution
		SolutionGuid = {82BF8782-644A-4AC3-9A27-35AD528CA6A1}
	EndGlobalSection
EndGlobal
